
Microsoft Visual Studio Solution File, Format Version 12.00
# 
Project("{2150E333-8FDC-42A3-9474-1A3956D46DE8}") = "src", "src", "{E90FB75A-1212-4D5E-9A0F-84B345E45241}"
EndProject
Project("{FAE04EC0-301F-11D3-BF4B-00C04F79EFBC}") = "Foundations", "src\Foundations\Foundations.csproj", "{820890EF-FF63-453C-B822-05914DED72C3}"
EndProject
Project("{FAE04EC0-301F-11D3-BF4B-00C04F79EFBC}") = "HashingLinear", "src\HashingLinear\HashingLinear.csproj", "{2AB51FC4-2588-4A42-8672-B8DF4E132FBE}"
EndProject
Project("{FAE04EC0-301F-11D3-BF4B-00C04F79EFBC}") = "IntegrationDesign", "src\IntegrationDesign\IntegrationDesign.csproj", "{6EB2ADA8-C287-4CE9-9FC4-339B1CF9853F}"
EndProject
Project("{FAE04EC0-301F-11D3-BF4B-00C04F79EFBC}") = "OptimizationState", "src\OptimizationState\OptimizationState.csproj", "{7DFDA545-BF82-4393-9CDA-8CCC4B353F54}"
EndProject
Project("{FAE04EC0-301F-11D3-BF4B-00C04F79EFBC}") = "Structural", "src\Structural\Structural.csproj", "{AE713D1A-F632-4710-BA95-0B8191744730}"
EndProject
Project("{FAE04EC0-301F-11D3-BF4B-00C04F79EFBC}") = "TraversalRecursion", "src\TraversalRecursion\TraversalRecursion.csproj", "{BF287047-0CCF-4103-B12E-3E473E074611}"
EndProject
Project("{2150E333-8FDC-42A3-9474-1A3956D46DE8}") = "playground", "playground", "{92F02078-E77B-4A16-AAD7-253AFC831EA1}"
EndProject
Project("{FAE04EC0-301F-11D3-BF4B-00C04F79EFBC}") = "PatternMastery.Playground", "playground\PatternMastery.Playground\PatternMastery.Playground.csproj", "{0F72C62E-4503-41CD-8C30-F119437EDAA6}"
EndProject
Project("{2150E333-8FDC-42A3-9474-1A3956D46DE8}") = "tests", "tests", "{149D0678-B124-46B6-92A0-21A066BED343}"
EndProject
Project("{FAE04EC0-301F-11D3-BF4B-00C04F79EFBC}") = "PatternMastery.Tests", "tests\PatternMastery.Tests\PatternMastery.Tests.csproj", "{1ED718AF-0FF8-43A0-ACFB-091AA625B4BB}"
EndProject
Project("{2150E333-8FDC-42A3-9474-1A3956D46DE8}") = "benchmarks", "benchmarks", "{B059A3F3-E0EC-4302-830A-82B4A7B32B68}"
EndProject
Project("{FAE04EC0-301F-11D3-BF4B-00C04F79EFBC}") = "PatternMastery.Benchmarks", "benchmarks\PatternMastery.Benchmarks\PatternMastery.Benchmarks.csproj", "{06CCBB20-FF5B-4430-913E-E85A9E7BE1F0}"
EndProject
Global
	GlobalSection(SolutionConfigurationPlatforms) = preSolution
		Debug|Any CPU = Debug|Any CPU
		Release|Any CPU = Release|Any CPU
	EndGlobalSection
	GlobalSection(ProjectConfigurationPlatforms) = postSolution
		{820890EF-FF63-453C-B822-05914DED72C3}.Debug|Any CPU.ActiveCfg = Debug|Any CPU
		{820890EF-FF63-453C-B822-05914DED72C3}.Debug|Any CPU.Build.0 = Debug|Any CPU
		{820890EF-FF63-453C-B822-05914DED72C3}.Release|Any CPU.ActiveCfg = Release|Any CPU
		{820890EF-FF63-453C-B822-05914DED72C3}.Release|Any CPU.Build.0 = Release|Any CPU
		{2AB51FC4-2588-4A42-8672-B8DF4E132FBE}.Debug|Any CPU.ActiveCfg = Debug|Any CPU
		{2AB51FC4-2588-4A42-8672-B8DF4E132FBE}.Debug|Any CPU.Build.0 = Debug|Any CPU
		{2AB51FC4-2588-4A42-8672-B8DF4E132FBE}.Release|Any CPU.ActiveCfg = Release|Any CPU
		{2AB51FC4-2588-4A42-8672-B8DF4E132FBE}.Release|Any CPU.Build.0 = Release|Any CPU
		{6EB2ADA8-C287-4CE9-9FC4-339B1CF9853F}.Debug|Any CPU.ActiveCfg = Debug|Any CPU
		{6EB2ADA8-C287-4CE9-9FC4-339B1CF9853F}.Debug|Any CPU.Build.0 = Debug|Any CPU
		{6EB2ADA8-C287-4CE9-9FC4-339B1CF9853F}.Release|Any CPU.ActiveCfg = Release|Any CPU
		{6EB2ADA8-C287-4CE9-9FC4-339B1CF9853F}.Release|Any CPU.Build.0 = Release|Any CPU
		{7DFDA545-BF82-4393-9CDA-8CCC4B353F54}.Debug|Any CPU.ActiveCfg = Debug|Any CPU
		{7DFDA545-BF82-4393-9CDA-8CCC4B353F54}.Debug|Any CPU.Build.0 = Debug|Any CPU
		{7DFDA545-BF82-4393-9CDA-8CCC4B353F54}.Release|Any CPU.ActiveCfg = Release|Any CPU
		{7DFDA545-BF82-4393-9CDA-8CCC4B353F54}.Release|Any CPU.Build.0 = Release|Any CPU
		{AE713D1A-F632-4710-BA95-0B8191744730}.Debug|Any CPU.ActiveCfg = Debug|Any CPU
		{AE713D1A-F632-4710-BA95-0B8191744730}.Debug|Any CPU.Build.0 = Debug|Any CPU
		{AE713D1A-F632-4710-BA95-0B8191744730}.Release|Any CPU.ActiveCfg = Release|Any CPU
		{AE713D1A-F632-4710-BA95-0B8191744730}.Release|Any CPU.Build.0 = Release|Any CPU
		{BF287047-0CCF-4103-B12E-3E473E074611}.Debug|Any CPU.ActiveCfg = Debug|Any CPU
		{BF287047-0CCF-4103-B12E-3E473E074611}.Debug|Any CPU.Build.0 = Debug|Any CPU
		{BF287047-0CCF-4103-B12E-3E473E074611}.Release|Any CPU.ActiveCfg = Release|Any CPU
		{BF287047-0CCF-4103-B12E-3E473E074611}.Release|Any CPU.Build.0 = Release|Any CPU
		{0F72C62E-4503-41CD-8C30-F119437EDAA6}.Debug|Any CPU.ActiveCfg = Debug|Any CPU
		{0F72C62E-4503-41CD-8C30-F119437EDAA6}.Debug|Any CPU.Build.0 = Debug|Any CPU
		{0F72C62E-4503-41CD-8C30-F119437EDAA6}.Release|Any CPU.ActiveCfg = Release|Any CPU
		{0F72C62E-4503-41CD-8C30-F119437EDAA6}.Release|Any CPU.Build.0 = Release|Any CPU
		{1ED718AF-0FF8-43A0-ACFB-091AA625B4BB}.Debug|Any CPU.ActiveCfg = Debug|Any CPU
		{1ED718AF-0FF8-43A0-ACFB-091AA625B4BB}.Debug|Any CPU.Build.0 = Debug|Any CPU
		{1ED718AF-0FF8-43A0-ACFB-091AA625B4BB}.Release|Any CPU.ActiveCfg = Release|Any CPU
		{1ED718AF-0FF8-43A0-ACFB-091AA625B4BB}.Release|Any CPU.Build.0 = Release|Any CPU
		{06CCBB20-FF5B-4430-913E-E85A9E7BE1F0}.Debug|Any CPU.ActiveCfg = Debug|Any CPU
		{06CCBB20-FF5B-4430-913E-E85A9E7BE1F0}.Debug|Any CPU.Build.0 = Debug|Any CPU
		{06CCBB20-FF5B-4430-913E-E85A9E7BE1F0}.Release|Any CPU.ActiveCfg = Release|Any CPU
		{06CCBB20-FF5B-4430-913E-E85A9E7BE1F0}.Release|Any CPU.Build.0 = Release|Any CPU
	EndGlobalSection
	GlobalSection(NestedProjects) = preSolution
		{820890EF-FF63-453C-B822-05914DED72C3} = {E90FB75A-1212-4D5E-9A0F-84B345E45241}
		{2AB51FC4-2588-4A42-8672-B8DF4E132FBE} = {E90FB75A-1212-4D5E-9A0F-84B345E45241}
		{6EB2ADA8-C287-4CE9-9FC4-339B1CF9853F} = {E90FB75A-1212-4D5E-9A0F-84B345E45241}
		{7DFDA545-BF82-4393-9CDA-8CCC4B353F54} = {E90FB75A-1212-4D5E-9A0F-84B345E45241}
		{AE713D1A-F632-4710-BA95-0B8191744730} = {E90FB75A-1212-4D5E-9A0F-84B345E45241}
		{BF287047-0CCF-4103-B12E-3E473E074611} = {E90FB75A-1212-4D5E-9A0F-84B345E45241}
		{0F72C62E-4503-41CD-8C30-F119437EDAA6} = {92F02078-E77B-4A16-AAD7-253AFC831EA1}
		{1ED718AF-0FF8-43A0-ACFB-091AA625B4BB} = {149D0678-B124-46B6-92A0-21A066BED343}
		{06CCBB20-FF5B-4430-913E-E85A9E7BE1F0} = {B059A3F3-E0EC-4302-830A-82B4A7B32B68}
	EndGlobalSection
EndGlobal
